// !$*UTF8*$!
{
	archiveVersion = 1;
	classes = {
	};
	objectVersion = 56;
	objects = {

/* Begin PBXBuildFile section */
		5E1F2C682A972CA1001D6F96 /* SwiftUIWidgetApp.swift in Sources */ = {isa = PBXBuildFile; fileRef = 5E1F2C672A972CA1001D6F96 /* SwiftUIWidgetApp.swift */; };
		5E1F2C6A2A972CA1001D6F96 /* ContentView.swift in Sources */ = {isa = PBXBuildFile; fileRef = 5E1F2C692A972CA1001D6F96 /* ContentView.swift */; };
		5E1F2C6C2A972CA2001D6F96 /* Assets.xcassets in Resources */ = {isa = PBXBuildFile; fileRef = 5E1F2C6B2A972CA2001D6F96 /* Assets.xcassets */; };
		5E1F2C6F2A972CA2001D6F96 /* Preview Assets.xcassets in Resources */ = {isa = PBXBuildFile; fileRef = 5E1F2C6E2A972CA2001D6F96 /* Preview Assets.xcassets */; };
		5E1F2C7C2A972CC2001D6F96 /* WidgetKit.framework in Frameworks */ = {isa = PBXBuildFile; fileRef = 5E1F2C7B2A972CC2001D6F96 /* WidgetKit.framework */; };
		5E1F2C7E2A972CC2001D6F96 /* SwiftUI.framework in Frameworks */ = {isa = PBXBuildFile; fileRef = 5E1F2C7D2A972CC2001D6F96 /* SwiftUI.framework */; };
		5E1F2C812A972CC2001D6F96 /* SwiftUIWidgetExtensionBundle.swift in Sources */ = {isa = PBXBuildFile; fileRef = 5E1F2C802A972CC2001D6F96 /* SwiftUIWidgetExtensionBundle.swift */; };
		5E1F2C832A972CC2001D6F96 /* SwiftUIWidgetExtensionLiveActivity.swift in Sources */ = {isa = PBXBuildFile; fileRef = 5E1F2C822A972CC2001D6F96 /* SwiftUIWidgetExtensionLiveActivity.swift */; };
		5E1F2C852A972CC2001D6F96 /* SwiftUIWidgetExtension.swift in Sources */ = {isa = PBXBuildFile; fileRef = 5E1F2C842A972CC2001D6F96 /* SwiftUIWidgetExtension.swift */; };
		5E1F2C872A972CC2001D6F96 /* AppIntent.swift in Sources */ = {isa = PBXBuildFile; fileRef = 5E1F2C862A972CC2001D6F96 /* AppIntent.swift */; };
		5E1F2C892A972CC3001D6F96 /* Assets.xcassets in Resources */ = {isa = PBXBuildFile; fileRef = 5E1F2C882A972CC3001D6F96 /* Assets.xcassets */; };
		5E1F2C8D2A972CC3001D6F96 /* SwiftUIWidgetExtensionExtension.appex in Embed Foundation Extensions */ = {isa = PBXBuildFile; fileRef = 5E1F2C792A972CC2001D6F96 /* SwiftUIWidgetExtensionExtension.appex */; settings = {ATTRIBUTES = (RemoveHeadersOnCopy, ); }; };
		5E1F2C952A9774AE001D6F96 /* SwiftUI.framework in Frameworks */ = {isa = PBXBuildFile; fileRef = 5E1F2C7D2A972CC2001D6F96 /* SwiftUI.framework */; settings = {ATTRIBUTES = (Weak, ); }; };
/* End PBXBuildFile section */

/* Begin PBXContainerItemProxy section */
		5E1F2C8B2A972CC3001D6F96 /* PBXContainerItemProxy */ = {
			isa = PBXContainerItemProxy;
			containerPortal = 5E1F2C5C2A972CA1001D6F96 /* Project object */;
			proxyType = 1;
			remoteGlobalIDString = 5E1F2C782A972CC2001D6F96;
			remoteInfo = SwiftUIWidgetExtensionExtension;
		};
/* End PBXContainerItemProxy section */

/* Begin PBXCopyFilesBuildPhase section */
		5E1F2C912A972CC3001D6F96 /* Embed Foundation Extensions */ = {
			isa = PBXCopyFilesBuildPhase;
			buildActionMask = 2147483647;
			dstPath = "";
			dstSubfolderSpec = 13;
			files = (
				5E1F2C8D2A972CC3001D6F96 /* SwiftUIWidgetExtensionExtension.appex in Embed Foundation Extensions */,
			);
			name = "Embed Foundation Extensions";
			runOnlyForDeploymentPostprocessing = 0;
		};
/* End PBXCopyFilesBuildPhase section */

/* Begin PBXFileReference section */
		5E1F2C642A972CA1001D6F96 /* SwiftUIWidget.app */ = {isa = PBXFileReference; explicitFileType = wrapper.application; includeInIndex = 0; path = SwiftUIWidget.app; sourceTree = BUILT_PRODUCTS_DIR; };
		5E1F2C672A972CA1001D6F96 /* SwiftUIWidgetApp.swift */ = {isa = PBXFileReference; lastKnownFileType = sourcecode.swift; path = SwiftUIWidgetApp.swift; sourceTree = "<group>"; };
		5E1F2C692A972CA1001D6F96 /* ContentView.swift */ = {isa = PBXFileReference; lastKnownFileType = sourcecode.swift; path = ContentView.swift; sourceTree = "<group>"; };
		5E1F2C6B2A972CA2001D6F96 /* Assets.xcassets */ = {isa = PBXFileReference; lastKnownFileType = folder.assetcatalog; path = Assets.xcassets; sourceTree = "<group>"; };
		5E1F2C6E2A972CA2001D6F96 /* Preview Assets.xcassets */ = {isa = PBXFileReference; lastKnownFileType = folder.assetcatalog; path = "Preview Assets.xcassets"; sourceTree = "<group>"; };
		5E1F2C792A972CC2001D6F96 /* SwiftUIWidgetExtensionExtension.appex */ = {isa = PBXFileReference; explicitFileType = "wrapper.app-extension"; includeInIndex = 0; path = SwiftUIWidgetExtensionExtension.appex; sourceTree = BUILT_PRODUCTS_DIR; };
		5E1F2C7B2A972CC2001D6F96 /* WidgetKit.framework */ = {isa = PBXFileReference; lastKnownFileType = wrapper.framework; name = WidgetKit.framework; path = System/Library/Frameworks/WidgetKit.framework; sourceTree = SDKROOT; };
		5E1F2C7D2A972CC2001D6F96 /* SwiftUI.framework */ = {isa = PBXFileReference; lastKnownFileType = wrapper.framework; name = SwiftUI.framework; path = System/Library/Frameworks/SwiftUI.framework; sourceTree = SDKROOT; };
		5E1F2C802A972CC2001D6F96 /* SwiftUIWidgetExtensionBundle.swift */ = {isa = PBXFileReference; lastKnownFileType = sourcecode.swift; path = SwiftUIWidgetExtensionBundle.swift; sourceTree = "<group>"; };
		5E1F2C822A972CC2001D6F96 /* SwiftUIWidgetExtensionLiveActivity.swift */ = {isa = PBXFileReference; lastKnownFileType = sourcecode.swift; path = SwiftUIWidgetExtensionLiveActivity.swift; sourceTree = "<group>"; };
		5E1F2C842A972CC2001D6F96 /* SwiftUIWidgetExtension.swift */ = {isa = PBXFileReference; lastKnownFileType = sourcecode.swift; path = SwiftUIWidgetExtension.swift; sourceTree = "<group>"; };
		5E1F2C862A972CC2001D6F96 /* AppIntent.swift */ = {isa = PBXFileReference; lastKnownFileType = sourcecode.swift; path = AppIntent.swift; sourceTree = "<group>"; };
		5E1F2C882A972CC3001D6F96 /* Assets.xcassets */ = {isa = PBXFileReference; lastKnownFileType = folder.assetcatalog; path = Assets.xcassets; sourceTree = "<group>"; };
		5E1F2C8A2A972CC3001D6F96 /* Info.plist */ = {isa = PBXFileReference; lastKnownFileType = text.plist.xml; path = Info.plist; sourceTree = "<group>"; };
		5E1F2C922A973918001D6F96 /* SwiftUIWidget.entitlements */ = {isa = PBXFileReference; lastKnownFileType = text.plist.entitlements; path = SwiftUIWidget.entitlements; sourceTree = "<group>"; };
		5E1F2C932A973981001D6F96 /* SwiftUIWidgetExtensionExtensionDebug.entitlements */ = {isa = PBXFileReference; lastKnownFileType = text.plist.entitlements; path = SwiftUIWidgetExtensionExtensionDebug.entitlements; sourceTree = "<group>"; };
		5E1F2C942A973996001D6F96 /* SwiftUIWidgetRelease.entitlements */ = {isa = PBXFileReference; lastKnownFileType = text.plist.entitlements; path = SwiftUIWidgetRelease.entitlements; sourceTree = "<group>"; };
/* End PBXFileReference section */

/* Begin PBXFrameworksBuildPhase section */
		5E1F2C612A972CA1001D6F96 /* Frameworks */ = {
			isa = PBXFrameworksBuildPhase;
			buildActionMask = 2147483647;
			files = (
				5E1F2C952A9774AE001D6F96 /* SwiftUI.framework in Frameworks */,
			);
			runOnlyForDeploymentPostprocessing = 0;
		};
		5E1F2C762A972CC2001D6F96 /* Frameworks */ = {
			isa = PBXFrameworksBuildPhase;
			buildActionMask = 2147483647;
			files = (
				5E1F2C7E2A972CC2001D6F96 /* SwiftUI.framework in Frameworks */,
				5E1F2C7C2A972CC2001D6F96 /* WidgetKit.framework in Frameworks */,
			);
			runOnlyForDeploymentPostprocessing = 0;
		};
/* End PBXFrameworksBuildPhase section */

/* Begin PBXGroup section */
		5E1F2C5B2A972CA1001D6F96 = {
			isa = PBXGroup;
			children = (
				5E1F2C932A973981001D6F96 /* SwiftUIWidgetExtensionExtensionDebug.entitlements */,
				5E1F2C662A972CA1001D6F96 /* SwiftUIWidget */,
				5E1F2C7F2A972CC2001D6F96 /* SwiftUIWidgetExtension */,
				5E1F2C7A2A972CC2001D6F96 /* Frameworks */,
				5E1F2C652A972CA1001D6F96 /* Products */,
			);
			sourceTree = "<group>";
		};
		5E1F2C652A972CA1001D6F96 /* Products */ = {
			isa = PBXGroup;
			children = (
				5E1F2C642A972CA1001D6F96 /* SwiftUIWidget.app */,
				5E1F2C792A972CC2001D6F96 /* SwiftUIWidgetExtensionExtension.appex */,
			);
			name = Products;
			sourceTree = "<group>";
		};
		5E1F2C662A972CA1001D6F96 /* SwiftUIWidget */ = {
			isa = PBXGroup;
			children = (
				5E1F2C942A973996001D6F96 /* SwiftUIWidgetRelease.entitlements */,
				5E1F2C922A973918001D6F96 /* SwiftUIWidget.entitlements */,
				5E1F2C672A972CA1001D6F96 /* SwiftUIWidgetApp.swift */,
				5E1F2C692A972CA1001D6F96 /* ContentView.swift */,
				5E1F2C6B2A972CA2001D6F96 /* Assets.xcassets */,
				5E1F2C6D2A972CA2001D6F96 /* Preview Content */,
			);
			path = SwiftUIWidget;
			sourceTree = "<group>";
		};
		5E1F2C6D2A972CA2001D6F96 /* Preview Content */ = {
			isa = PBXGroup;
			children = (
				5E1F2C6E2A972CA2001D6F96 /* Preview Assets.xcassets */,
			);
			path = "Preview Content";
			sourceTree = "<group>";
		};
		5E1F2C7A2A972CC2001D6F96 /* Frameworks */ = {
			isa = PBXGroup;
			children = (
				5E1F2C7B2A972CC2001D6F96 /* WidgetKit.framework */,
				5E1F2C7D2A972CC2001D6F96 /* SwiftUI.framework */,
			);
			name = Frameworks;
			sourceTree = "<group>";
		};
		5E1F2C7F2A972CC2001D6F96 /* SwiftUIWidgetExtension */ = {
			isa = PBXGroup;
			children = (
				5E1F2C802A972CC2001D6F96 /* SwiftUIWidgetExtensionBundle.swift */,
				5E1F2C822A972CC2001D6F96 /* SwiftUIWidgetExtensionLiveActivity.swift */,
				5E1F2C842A972CC2001D6F96 /* SwiftUIWidgetExtension.swift */,
				5E1F2C862A972CC2001D6F96 /* AppIntent.swift */,
				5E1F2C882A972CC3001D6F96 /* Assets.xcassets */,
				5E1F2C8A2A972CC3001D6F96 /* Info.plist */,
			);
			path = SwiftUIWidgetExtension;
			sourceTree = "<group>";
		};
/* End PBXGroup section */

/* Begin PBXNativeTarget section */
		5E1F2C632A972CA1001D6F96 /* SwiftUIWidget */ = {
			isa = PBXNativeTarget;
			buildConfigurationList = 5E1F2C722A972CA2001D6F96 /* Build configuration list for PBXNativeTarget "SwiftUIWidget" */;
			buildPhases = (
				5E1F2C602A972CA1001D6F96 /* Sources */,
				5E1F2C612A972CA1001D6F96 /* Frameworks */,
				5E1F2C622A972CA1001D6F96 /* Resources */,
				5E1F2C912A972CC3001D6F96 /* Embed Foundation Extensions */,
			);
			buildRules = (
			);
			dependencies = (
				5E1F2C8C2A972CC3001D6F96 /* PBXTargetDependency */,
			);
			name = SwiftUIWidget;
			productName = SwiftUIWidget;
			productReference = 5E1F2C642A972CA1001D6F96 /* SwiftUIWidget.app */;
			productType = "com.apple.product-type.application";
		};
		5E1F2C782A972CC2001D6F96 /* SwiftUIWidgetExtensionExtension */ = {
			isa = PBXNativeTarget;
			buildConfigurationList = 5E1F2C8E2A972CC3001D6F96 /* Build configuration list for PBXNativeTarget "SwiftUIWidgetExtensionExtension" */;
			buildPhases = (
				5E1F2C752A972CC2001D6F96 /* Sources */,
				5E1F2C762A972CC2001D6F96 /* Frameworks */,
				5E1F2C772A972CC2001D6F96 /* Resources */,
			);
			buildRules = (
			);
			dependencies = (
			);
			name = SwiftUIWidgetExtensionExtension;
			productName = SwiftUIWidgetExtensionExtension;
			productReference = 5E1F2C792A972CC2001D6F96 /* SwiftUIWidgetExtensionExtension.appex */;
			productType = "com.apple.product-type.app-extension";
		};
/* End PBXNativeTarget section */

/* Begin PBXProject section */
		5E1F2C5C2A972CA1001D6F96 /* Project object */ = {
			isa = PBXProject;
			attributes = {
				BuildIndependentTargetsInParallel = 1;
				LastSwiftUpdateCheck = 1500;
				LastUpgradeCheck = 1500;
				TargetAttributes = {
					5E1F2C632A972CA1001D6F96 = {
						CreatedOnToolsVersion = 15.0;
					};
					5E1F2C782A972CC2001D6F96 = {
						CreatedOnToolsVersion = 15.0;
					};
				};
			};
			buildConfigurationList = 5E1F2C5F2A972CA1001D6F96 /* Build configuration list for PBXProject "SwiftUIWidget" */;
			compatibilityVersion = "Xcode 14.0";
			developmentRegion = en;
			hasScannedForEncodings = 0;
			knownRegions = (
				en,
				Base,
			);
			mainGroup = 5E1F2C5B2A972CA1001D6F96;
			productRefGroup = 5E1F2C652A972CA1001D6F96 /* Products */;
			projectDirPath = "";
			projectRoot = "";
			targets = (
				5E1F2C632A972CA1001D6F96 /* SwiftUIWidget */,
				5E1F2C782A972CC2001D6F96 /* SwiftUIWidgetExtensionExtension */,
			);
		};
/* End PBXProject section */

/* Begin PBXResourcesBuildPhase section */
		5E1F2C622A972CA1001D6F96 /* Resources */ = {
			isa = PBXResourcesBuildPhase;
			buildActionMask = 2147483647;
			files = (
				5E1F2C6F2A972CA2001D6F96 /* Preview Assets.xcassets in Resources */,
				5E1F2C6C2A972CA2001D6F96 /* Assets.xcassets in Resources */,
			);
			runOnlyForDeploymentPostprocessing = 0;
		};
		5E1F2C772A972CC2001D6F96 /* Resources */ = {
			isa = PBXResourcesBuildPhase;
			buildActionMask = 2147483647;
			files = (
				5E1F2C892A972CC3001D6F96 /* Assets.xcassets in Resources */,
			);
			runOnlyForDeploymentPostprocessing = 0;
		};
/* End PBXResourcesBuildPhase section */

/* Begin PBXSourcesBuildPhase section */
		5E1F2C602A972CA1001D6F96 /* Sources */ = {
			isa = PBXSourcesBuildPhase;
			buildActionMask = 2147483647;
			files = (
				5E1F2C6A2A972CA1001D6F96 /* ContentView.swift in Sources */,
				5E1F2C682A972CA1001D6F96 /* SwiftUIWidgetApp.swift in Sources */,
			);
			runOnlyForDeploymentPostprocessing = 0;
		};
		5E1F2C752A972CC2001D6F96 /* Sources */ = {
			isa = PBXSourcesBuildPhase;
			buildActionMask = 2147483647;
			files = (
				5E1F2C832A972CC2001D6F96 /* SwiftUIWidgetExtensionLiveActivity.swift in Sources */,
				5E1F2C872A972CC2001D6F96 /* AppIntent.swift in Sources */,
				5E1F2C812A972CC2001D6F96 /* SwiftUIWidgetExtensionBundle.swift in Sources */,
				5E1F2C852A972CC2001D6F96 /* SwiftUIWidgetExtension.swift in Sources */,
			);
			runOnlyForDeploymentPostprocessing = 0;
		};
/* End PBXSourcesBuildPhase section */

/* Begin PBXTargetDependency section */
		5E1F2C8C2A972CC3001D6F96 /* PBXTargetDependency */ = {
			isa = PBXTargetDependency;
			target = 5E1F2C782A972CC2001D6F96 /* SwiftUIWidgetExtensionExtension */;
			targetProxy = 5E1F2C8B2A972CC3001D6F96 /* PBXContainerItemProxy */;
		};
/* End PBXTargetDependency section */

/* Begin XCBuildConfiguration section */
		5E1F2C702A972CA2001D6F96 /* Debug */ = {
			isa = XCBuildConfiguration;
			buildSettings = {
				ALWAYS_SEARCH_USER_PATHS = NO;
				ASSETCATALOG_COMPILER_GENERATE_SWIFT_ASSET_SYMBOL_EXTENSIONS = YES;
				CLANG_ANALYZER_NONNULL = YES;
				CLANG_ANALYZER_NUMBER_OBJECT_CONVERSION = YES_AGGRESSIVE;
				CLANG_CXX_LANGUAGE_STANDARD = "gnu++20";
				CLANG_ENABLE_MODULES = YES;
				CLANG_ENABLE_OBJC_ARC = YES;
				CLANG_ENABLE_OBJC_WEAK = YES;
				CLANG_WARN_BLOCK_CAPTURE_AUTORELEASING = YES;
				CLANG_WARN_BOOL_CONVERSION = YES;
				CLANG_WARN_COMMA = YES;
				CLANG_WARN_CONSTANT_CONVERSION = YES;
				CLANG_WARN_DEPRECATED_OBJC_IMPLEMENTATIONS = YES;
				CLANG_WARN_DIRECT_OBJC_ISA_USAGE = YES_ERROR;
				CLANG_WARN_DOCUMENTATION_COMMENTS = YES;
				CLANG_WARN_EMPTY_BODY = YES;
				CLANG_WARN_ENUM_CONVERSION = YES;
				CLANG_WARN_INFINITE_RECURSION = YES;
				CLANG_WARN_INT_CONVERSION = YES;
				CLANG_WARN_NON_LITERAL_NULL_CONVERSION = YES;
				CLANG_WARN_OBJC_IMPLICIT_RETAIN_SELF = YES;
				CLANG_WARN_OBJC_LITERAL_CONVERSION = YES;
				CLANG_WARN_OBJC_ROOT_CLASS = YES_ERROR;
				CLANG_WARN_QUOTED_INCLUDE_IN_FRAMEWORK_HEADER = YES;
				CLANG_WARN_RANGE_LOOP_ANALYSIS = YES;
				CLANG_WARN_STRICT_PROTOTYPES = YES;
				CLANG_WARN_SUSPICIOUS_MOVE = YES;
				CLANG_WARN_UNGUARDED_AVAILABILITY = YES_AGGRESSIVE;
				CLANG_WARN_UNREACHABLE_CODE = YES;
				CLANG_WARN__DUPLICATE_METHOD_MATCH = YES;
				COPY_PHASE_STRIP = NO;
				DEBUG_INFORMATION_FORMAT = dwarf;
				ENABLE_STRICT_OBJC_MSGSEND = YES;
				ENABLE_TESTABILITY = YES;
				ENABLE_USER_SCRIPT_SANDBOXING = YES;
				GCC_C_LANGUAGE_STANDARD = gnu17;
				GCC_DYNAMIC_NO_PIC = NO;
				GCC_NO_COMMON_BLOCKS = YES;
				GCC_OPTIMIZATION_LEVEL = 0;
				GCC_PREPROCESSOR_DEFINITIONS = (
					"DEBUG=1",
					"$(inherited)",
				);
				GCC_WARN_64_TO_32_BIT_CONVERSION = YES;
				GCC_WARN_ABOUT_RETURN_TYPE = YES_ERROR;
				GCC_WARN_UNDECLARED_SELECTOR = YES;
				GCC_WARN_UNINITIALIZED_AUTOS = YES_AGGRESSIVE;
				GCC_WARN_UNUSED_FUNCTION = YES;
				GCC_WARN_UNUSED_VARIABLE = YES;
				IPHONEOS_DEPLOYMENT_TARGET = 17.0;
				LOCALIZATION_PREFERS_STRING_CATALOGS = YES;
				MTL_ENABLE_DEBUG_INFO = INCLUDE_SOURCE;
				MTL_FAST_MATH = YES;
				ONLY_ACTIVE_ARCH = YES;
				SDKROOT = iphoneos;
				SWIFT_ACTIVE_COMPILATION_CONDITIONS = "DEBUG $(inherited)";
				SWIFT_OPTIMIZATION_LEVEL = "-Onone";
			};
			name = Debug;
		};
		5E1F2C712A972CA2001D6F96 /* Release */ = {
			isa = XCBuildConfiguration;
			buildSettings = {
				ALWAYS_SEARCH_USER_PATHS = NO;
				ASSETCATALOG_COMPILER_GENERATE_SWIFT_ASSET_SYMBOL_EXTENSIONS = YES;
				CLANG_ANALYZER_NONNULL = YES;
				CLANG_ANALYZER_NUMBER_OBJECT_CONVERSION = YES_AGGRESSIVE;
				CLANG_CXX_LANGUAGE_STANDARD = "gnu++20";
				CLANG_ENABLE_MODULES = YES;
				CLANG_ENABLE_OBJC_ARC = YES;
				CLANG_ENABLE_OBJC_WEAK = YES;
				CLANG_WARN_BLOCK_CAPTURE_AUTORELEASING = YES;
				CLANG_WARN_BOOL_CONVERSION = YES;
				CLANG_WARN_COMMA = YES;
				CLANG_WARN_CONSTANT_CONVERSION = YES;
				CLANG_WARN_DEPRECATED_OBJC_IMPLEMENTATIONS = YES;
				CLANG_WARN_DIRECT_OBJC_ISA_USAGE = YES_ERROR;
				CLANG_WARN_DOCUMENTATION_COMMENTS = YES;
				CLANG_WARN_EMPTY_BODY = YES;
				CLANG_WARN_ENUM_CONVERSION = YES;
				CLANG_WARN_INFINITE_RECURSION = YES;
				CLANG_WARN_INT_CONVERSION = YES;
				CLANG_WARN_NON_LITERAL_NULL_CONVERSION = YES;
				CLANG_WARN_OBJC_IMPLICIT_RETAIN_SELF = YES;
				CLANG_WARN_OBJC_LITERAL_CONVERSION = YES;
				CLANG_WARN_OBJC_ROOT_CLASS = YES_ERROR;
				CLANG_WARN_QUOTED_INCLUDE_IN_FRAMEWORK_HEADER = YES;
				CLANG_WARN_RANGE_LOOP_ANALYSIS = YES;
				CLANG_WARN_STRICT_PROTOTYPES = YES;
				CLANG_WARN_SUSPICIOUS_MOVE = YES;
				CLANG_WARN_UNGUARDED_AVAILABILITY = YES_AGGRESSIVE;
				CLANG_WARN_UNREACHABLE_CODE = YES;
				CLANG_WARN__DUPLICATE_METHOD_MATCH = YES;
				COPY_PHASE_STRIP = NO;
				DEBUG_INFORMATION_FORMAT = "dwarf-with-dsym";
				ENABLE_NS_ASSERTIONS = NO;
				ENABLE_STRICT_OBJC_MSGSEND = YES;
				ENABLE_USER_SCRIPT_SANDBOXING = YES;
				GCC_C_LANGUAGE_STANDARD = gnu17;
				GCC_NO_COMMON_BLOCKS = YES;
				GCC_WARN_64_TO_32_BIT_CONVERSION = YES;
				GCC_WARN_ABOUT_RETURN_TYPE = YES_ERROR;
				GCC_WARN_UNDECLARED_SELECTOR = YES;
				GCC_WARN_UNINITIALIZED_AUTOS = YES_AGGRESSIVE;
				GCC_WARN_UNUSED_FUNCTION = YES;
				GCC_WARN_UNUSED_VARIABLE = YES;
				IPHONEOS_DEPLOYMENT_TARGET = 17.0;
				LOCALIZATION_PREFERS_STRING_CATALOGS = YES;
				MTL_ENABLE_DEBUG_INFO = NO;
				MTL_FAST_MATH = YES;
				SDKROOT = iphoneos;
				SWIFT_COMPILATION_MODE = wholemodule;
				VALIDATE_PRODUCT = YES;
			};
			name = Release;
		};
		5E1F2C732A972CA2001D6F96 /* Debug */ = {
			isa = XCBuildConfiguration;
			buildSettings = {
				ALWAYS_EMBED_SWIFT_STANDARD_LIBRARIES = YES;
				ASSETCATALOG_COMPILER_APPICON_NAME = AppIcon;
				ASSETCATALOG_COMPILER_GLOBAL_ACCENT_COLOR_NAME = AccentColor;
				CODE_SIGN_ENTITLEMENTS = SwiftUIWidget/SwiftUIWidget.entitlements;
				CODE_SIGN_STYLE = Manual;
				CURRENT_PROJECT_VERSION = 1;
				DEVELOPMENT_ASSET_PATHS = "\"SwiftUIWidget/Preview Content\"";
				DEVELOPMENT_TEAM = "";
				ENABLE_PREVIEWS = YES;
				GENERATE_INFOPLIST_FILE = YES;
				INFOPLIST_KEY_UIApplicationSceneManifest_Generation = YES;
				INFOPLIST_KEY_UIApplicationSupportsIndirectInputEvents = YES;
				INFOPLIST_KEY_UILaunchScreen_Generation = YES;
				INFOPLIST_KEY_UISupportedInterfaceOrientations_iPad = "UIInterfaceOrientationPortrait UIInterfaceOrientationPortraitUpsideDown UIInterfaceOrientationLandscapeLeft UIInterfaceOrientationLandscapeRight";
				INFOPLIST_KEY_UISupportedInterfaceOrientations_iPhone = "UIInterfaceOrientationPortrait UIInterfaceOrientationLandscapeLeft UIInterfaceOrientationLandscapeRight";
				LD_RUNPATH_SEARCH_PATHS = (
					"$(inherited)",
					"@executable_path/Frameworks",
				);
				MARKETING_VERSION = 1.0;
				PRODUCT_BUNDLE_IDENTIFIER = bibek.SwiftUIWidget;
				PRODUCT_NAME = "$(TARGET_NAME)";
				PROVISIONING_PROFILE_SPECIFIER = "";
				SWIFT_EMIT_LOC_STRINGS = YES;
				SWIFT_VERSION = 5.0;
				TARGETED_DEVICE_FAMILY = "1,2";
			};
			name = Debug;
		};
		5E1F2C742A972CA2001D6F96 /* Release */ = {
			isa = XCBuildConfiguration;
			buildSettings = {
				ALWAYS_EMBED_SWIFT_STANDARD_LIBRARIES = YES;
				ASSETCATALOG_COMPILER_APPICON_NAME = AppIcon;
				ASSETCATALOG_COMPILER_GLOBAL_ACCENT_COLOR_NAME = AccentColor;
				CODE_SIGN_ENTITLEMENTS = SwiftUIWidget/SwiftUIWidgetRelease.entitlements;
				CODE_SIGN_STYLE = Manual;
				CURRENT_PROJECT_VERSION = 1;
				DEVELOPMENT_ASSET_PATHS = "\"SwiftUIWidget/Preview Content\"";
				DEVELOPMENT_TEAM = "";
				ENABLE_PREVIEWS = YES;
				GENERATE_INFOPLIST_FILE = YES;
				INFOPLIST_KEY_UIApplicationSceneManifest_Generation = YES;
				INFOPLIST_KEY_UIApplicationSupportsIndirectInputEvents = YES;
				INFOPLIST_KEY_UILaunchScreen_Generation = YES;
				INFOPLIST_KEY_UISupportedInterfaceOrientations_iPad = "UIInterfaceOrientationPortrait UIInterfaceOrientationPortraitUpsideDown UIInterfaceOrientationLandscapeLeft UIInterfaceOrientationLandscapeRight";
				INFOPLIST_KEY_UISupportedInterfaceOrientations_iPhone = "UIInterfaceOrientationPortrait UIInterfaceOrientationLandscapeLeft UIInterfaceOrientationLandscapeRight";
				LD_RUNPATH_SEARCH_PATHS = (
					"$(inherited)",
					"@executable_path/Frameworks",
				);
				MARKETING_VERSION = 1.0;
				PRODUCT_BUNDLE_IDENTIFIER = bibek.SwiftUIWidget;
				PRODUCT_NAME = "$(TARGET_NAME)";
				PROVISIONING_PROFILE_SPECIFIER = "";
				SWIFT_EMIT_LOC_STRINGS = YES;
				SWIFT_VERSION = 5.0;
				TARGETED_DEVICE_FAMILY = "1,2";
			};
			name = Release;
		};
		5E1F2C8F2A972CC3001D6F96 /* Debug */ = {
			isa = XCBuildConfiguration;
			buildSettings = {
				ASSETCATALOG_COMPILER_GLOBAL_ACCENT_COLOR_NAME = AccentColor;
				ASSETCATALOG_COMPILER_WIDGET_BACKGROUND_COLOR_NAME = WidgetBackground;
				CODE_SIGN_ENTITLEMENTS = SwiftUIWidgetExtensionExtensionDebug.entitlements;
				CODE_SIGN_STYLE = Manual;
				CURRENT_PROJECT_VERSION = 1;
				DEVELOPMENT_TEAM = "";
				GENERATE_INFOPLIST_FILE = YES;
				INFOPLIST_FILE = SwiftUIWidgetExtension/Info.plist;
				INFOPLIST_KEY_CFBundleDisplayName = SwiftUIWidgetExtension;
				INFOPLIST_KEY_NSHumanReadableCopyright = "";
				LD_RUNPATH_SEARCH_PATHS = (
					"$(inherited)",
					"@executable_path/Frameworks",
					"@executable_path/../../Frameworks",
				);
				MARKETING_VERSION = 1.0;
				PRODUCT_BUNDLE_IDENTIFIER = bibek.SwiftUIWidget.SwiftUIWidgetExtension;
				PRODUCT_NAME = "$(TARGET_NAME)";
				PROVISIONING_PROFILE_SPECIFIER = "";
				SKIP_INSTALL = YES;
				SWIFT_EMIT_LOC_STRINGS = YES;
				SWIFT_VERSION = 5.0;
				TARGETED_DEVICE_FAMILY = "1,2";
			};
			name = Debug;
		};
		5E1F2C902A972CC3001D6F96 /* Release */ = {
			isa = XCBuildConfiguration;
			buildSettings = {
				ASSETCATALOG_COMPILER_GLOBAL_ACCENT_COLOR_NAME = AccentColor;
				ASSETCATALOG_COMPILER_WIDGET_BACKGROUND_COLOR_NAME = WidgetBackground;
				CODE_SIGN_STYLE = Manual;
				CURRENT_PROJECT_VERSION = 1;
				DEVELOPMENT_TEAM = "";
				GENERATE_INFOPLIST_FILE = YES;
				INFOPLIST_FILE = SwiftUIWidgetExtension/Info.plist;
				INFOPLIST_KEY_CFBundleDisplayName = SwiftUIWidgetExtension;
				INFOPLIST_KEY_NSHumanReadableCopyright = "";
				LD_RUNPATH_SEARCH_PATHS = (
					"$(inherited)",
					"@executable_path/Frameworks",
					"@executable_path/../../Frameworks",
				);
				MARKETING_VERSION = 1.0;
				PRODUCT_BUNDLE_IDENTIFIER = bibek.SwiftUIWidget.SwiftUIWidgetExtension;
				PRODUCT_NAME = "$(TARGET_NAME)";
				PROVISIONING_PROFILE_SPECIFIER = "";
				SKIP_INSTALL = YES;
				SWIFT_EMIT_LOC_STRINGS = YES;
				SWIFT_VERSION = 5.0;
				TARGETED_DEVICE_FAMILY = "1,2";
			};
			name = Release;
		};
/* End XCBuildConfiguration section */

/* Begin XCConfigurationList section */
		5E1F2C5F2A972CA1001D6F96 /* Build configuration list for PBXProject "SwiftUIWidget" */ = {
			isa = XCConfigurationList;
			buildConfigurations = (
				5E1F2C702A972CA2001D6F96 /* Debug */,
				5E1F2C712A972CA2001D6F96 /* Release */,
			);
			defaultConfigurationIsVisible = 0;
			defaultConfigurationName = Release;
		};
		5E1F2C722A972CA2001D6F96 /* Build configuration list for PBXNativeTarget "SwiftUIWidget" */ = {
			isa = XCConfigurationList;
			buildConfigurations = (
				5E1F2C732A972CA2001D6F96 /* Debug */,
				5E1F2C742A972CA2001D6F96 /* Release */,
			);
			defaultConfigurationIsVisible = 0;
			defaultConfigurationName = Release;
		};
		5E1F2C8E2A972CC3001D6F96 /* Build configuration list for PBXNativeTarget "SwiftUIWidgetExtensionExtension" */ = {
			isa = XCConfigurationList;
			buildConfigurations = (
				5E1F2C8F2A972CC3001D6F96 /* Debug */,
				5E1F2C902A972CC3001D6F96 /* Release */,
			);
			defaultConfigurationIsVisible = 0;
			defaultConfigurationName = Release;
		};
/* End XCConfigurationList section */
	};
	rootObject = 5E1F2C5C2A972CA1001D6F96 /* Project object */;
}
